
Microsoft Visual Studio Solution File, Format Version 12.00
# Visual Studio 15
VisualStudioVersion = 15.0.28307.421
MinimumVisualStudioVersion = 10.0.40219.1
Project("{FAE04EC0-301F-11D3-BF4B-00C04F79EFBC}") = "Attendance Tracker", "Attendance Tracker\Attendance Tracker.csproj", "{DD1D36F5-4A1C-4543-85AE-C1EEAED50432}"
EndProject
Global
	GlobalSection(SolutionConfigurationPlatforms) = preSolution
		Debug|Any CPU = Debug|Any CPU
		Release|Any CPU = Release|Any CPU
	EndGlobalSection
	GlobalSection(ProjectConfigurationPlatforms) = postSolution
		{DD1D36F5-4A1C-4543-85AE-C1EEAED50432}.Debug|Any CPU.ActiveCfg = Debug|Any CPU
		{DD1D36F5-4A1C-4543-85AE-C1EEAED50432}.Debug|Any CPU.Build.0 = Debug|Any CPU
		{DD1D36F5-4A1C-4543-85AE-C1EEAED50432}.Release|Any CPU.ActiveCfg = Release|Any CPU
		{DD1D36F5-4A1C-4543-85AE-C1EEAED50432}.Release|Any CPU.Build.0 = Release|Any CPU
	EndGlobalSection
	GlobalSection(SolutionProperties) = preSolution
		HideSolutionNode = FALSE
	EndGlobalSection
	GlobalSection(ExtensibilityGlobals) = postSolution
		SolutionGuid = {AE803372-DA1B-4EC5-BA8A-DAA40582B348}
	EndGlobalSection
EndGlobal
